// !$*UTF8*$!
{
	archiveVersion = 1;
	classes = {
	};
	objectVersion = 46;
	objects = {

/* Begin PBXBuildFile section */
		2B4FA9351C4542E60033FE92 /* SUNetwork.m in Sources */ = {isa = PBXBuildFile; fileRef = 2B4FA9341C4542E60033FE92 /* SUNetwork.m */; settings = {ASSET_TAGS = (); }; };
		2B7352F71C425EE5000C51C5 /* main.m in Sources */ = {isa = PBXBuildFile; fileRef = 2B7352F61C425EE5000C51C5 /* main.m */; };
		2B7352FA1C425EE5000C51C5 /* AppDelegate.m in Sources */ = {isa = PBXBuildFile; fileRef = 2B7352F91C425EE5000C51C5 /* AppDelegate.m */; };
		2B7353021C425EE5000C51C5 /* Assets.xcassets in Resources */ = {isa = PBXBuildFile; fileRef = 2B7353011C425EE5000C51C5 /* Assets.xcassets */; };
		2B73531E1C426082000C51C5 /* SUPlayerManager.m in Sources */ = {isa = PBXBuildFile; fileRef = 2B73531D1C426082000C51C5 /* SUPlayerManager.m */; settings = {ASSET_TAGS = (); }; };
		2B7353221C42623B000C51C5 /* SongInfo.m in Sources */ = {isa = PBXBuildFile; fileRef = 2B7353211C42623B000C51C5 /* SongInfo.m */; settings = {ASSET_TAGS = (); }; };
		2B7353281C428491000C51C5 /* PlayViewController.xib in Resources */ = {isa = PBXBuildFile; fileRef = 2B7353261C428491000C51C5 /* PlayViewController.xib */; settings = {ASSET_TAGS = (); }; };
		2BB57D9A1C46A45B004A1B27 /* NSObject+SSS.m in Sources */ = {isa = PBXBuildFile; fileRef = 2BB57D981C46A45B004A1B27 /* NSObject+SSS.m */; settings = {ASSET_TAGS = (); }; };
		2BB57DA01C46AED5004A1B27 /* Player.xcassets in Resources */ = {isa = PBXBuildFile; fileRef = 2BB57D9F1C46AED5004A1B27 /* Player.xcassets */; settings = {ASSET_TAGS = (); }; };
		2BDFFCA11C4B5A9800CFE078 /* ChannelListViewController.m in Sources */ = {isa = PBXBuildFile; fileRef = 2BDFFC9F1C4B5A9800CFE078 /* ChannelListViewController.m */; settings = {ASSET_TAGS = (); }; };
		2BDFFCA21C4B5A9800CFE078 /* ChannelListViewController.xib in Resources */ = {isa = PBXBuildFile; fileRef = 2BDFFCA01C4B5A9800CFE078 /* ChannelListViewController.xib */; settings = {ASSET_TAGS = (); }; };
		2BDFFCA51C4B62FC00CFE078 /* PlayViewController.m in Sources */ = {isa = PBXBuildFile; fileRef = 2BDFFCA41C4B62FC00CFE078 /* PlayViewController.m */; settings = {ASSET_TAGS = (); }; };
		2BDFFCA81C4B807400CFE078 /* BaseInfo.m in Sources */ = {isa = PBXBuildFile; fileRef = 2BDFFCA71C4B807400CFE078 /* BaseInfo.m */; settings = {ASSET_TAGS = (); }; };
		2BDFFCAB1C4B8F1000CFE078 /* UserInfo.m in Sources */ = {isa = PBXBuildFile; fileRef = 2BDFFCAA1C4B8F1000CFE078 /* UserInfo.m */; settings = {ASSET_TAGS = (); }; };
		2BDFFCAF1C4B905600CFE078 /* LoginPage.m in Sources */ = {isa = PBXBuildFile; fileRef = 2BDFFCAD1C4B905600CFE078 /* LoginPage.m */; settings = {ASSET_TAGS = (); }; };
		2BDFFCB01C4B905600CFE078 /* LoginPage.xib in Resources */ = {isa = PBXBuildFile; fileRef = 2BDFFCAE1C4B905600CFE078 /* LoginPage.xib */; settings = {ASSET_TAGS = (); }; };
		2BDFFCB31C4B908000CFE078 /* BaseViewController.m in Sources */ = {isa = PBXBuildFile; fileRef = 2BDFFCB21C4B908000CFE078 /* BaseViewController.m */; settings = {ASSET_TAGS = (); }; };
		2BDFFCB51C4B912E00CFE078 /* Login.xcassets in Resources */ = {isa = PBXBuildFile; fileRef = 2BDFFCB41C4B912E00CFE078 /* Login.xcassets */; settings = {ASSET_TAGS = (); }; };
		2BDFFCB81C4B9D9000CFE078 /* ChannelInfo.m in Sources */ = {isa = PBXBuildFile; fileRef = 2BDFFCB71C4B9D9000CFE078 /* ChannelInfo.m */; settings = {ASSET_TAGS = (); }; };
		2BDFFCBC1C4BA07500CFE078 /* SuGlobal.m in Sources */ = {isa = PBXBuildFile; fileRef = 2BDFFCBB1C4BA07500CFE078 /* SuGlobal.m */; settings = {ASSET_TAGS = (); }; };
		2BDFFCC01C4BB05A00CFE078 /* MineViewController.m in Sources */ = {isa = PBXBuildFile; fileRef = 2BDFFCBE1C4BB05A00CFE078 /* MineViewController.m */; settings = {ASSET_TAGS = (); }; };
		2BDFFCC11C4BB05A00CFE078 /* MineViewController.xib in Resources */ = {isa = PBXBuildFile; fileRef = 2BDFFCBF1C4BB05A00CFE078 /* MineViewController.xib */; settings = {ASSET_TAGS = (); }; };
		2BDFFCC41C4BB1EE00CFE078 /* HomeViewController.m in Sources */ = {isa = PBXBuildFile; fileRef = 2BDFFCC31C4BB1EE00CFE078 /* HomeViewController.m */; settings = {ASSET_TAGS = (); }; };
		2BDFFCC71C4BB2D100CFE078 /* TopTabItemView.m in Sources */ = {isa = PBXBuildFile; fileRef = 2BDFFCC61C4BB2D100CFE078 /* TopTabItemView.m */; settings = {ASSET_TAGS = (); }; };
		2BDFFCC91C4BB2DF00CFE078 /* TopTabItemView.xib in Resources */ = {isa = PBXBuildFile; fileRef = 2BDFFCC81C4BB2DF00CFE078 /* TopTabItemView.xib */; settings = {ASSET_TAGS = (); }; };
		2BDFFCCD1C4BCB0800CFE078 /* ChannelTableViewCell.m in Sources */ = {isa = PBXBuildFile; fileRef = 2BDFFCCB1C4BCB0800CFE078 /* ChannelTableViewCell.m */; settings = {ASSET_TAGS = (); }; };
		2BDFFCCE1C4BCB0800CFE078 /* ChannelTableViewCell.xib in Resources */ = {isa = PBXBuildFile; fileRef = 2BDFFCCC1C4BCB0800CFE078 /* ChannelTableViewCell.xib */; settings = {ASSET_TAGS = (); }; };
		2BDFFCD11C4BD79F00CFE078 /* MineHeader.m in Sources */ = {isa = PBXBuildFile; fileRef = 2BDFFCD01C4BD79F00CFE078 /* MineHeader.m */; settings = {ASSET_TAGS = (); }; };
		2BDFFCD31C4BD7AE00CFE078 /* MineHeader.xib in Resources */ = {isa = PBXBuildFile; fileRef = 2BDFFCD21C4BD7AE00CFE078 /* MineHeader.xib */; settings = {ASSET_TAGS = (); }; };
		2BDFFCD51C4BDAB300CFE078 /* Mine.xcassets in Resources */ = {isa = PBXBuildFile; fileRef = 2BDFFCD41C4BDAB300CFE078 /* Mine.xcassets */; settings = {ASSET_TAGS = (); }; };
		2BDFFCD91C4BDB7000CFE078 /* MineTableViewCell.m in Sources */ = {isa = PBXBuildFile; fileRef = 2BDFFCD71C4BDB7000CFE078 /* MineTableViewCell.m */; settings = {ASSET_TAGS = (); }; };
		2BDFFCDA1C4BDB7000CFE078 /* MineTableViewCell.xib in Resources */ = {isa = PBXBuildFile; fileRef = 2BDFFCD81C4BDB7000CFE078 /* MineTableViewCell.xib */; settings = {ASSET_TAGS = (); }; };
		2BDFFCE01C4BE26400CFE078 /* CopyrightViewController.m in Sources */ = {isa = PBXBuildFile; fileRef = 2BDFFCDE1C4BE26400CFE078 /* CopyrightViewController.m */; settings = {ASSET_TAGS = (); }; };
		2BDFFCE11C4BE26400CFE078 /* CopyrightViewController.xib in Resources */ = {isa = PBXBuildFile; fileRef = 2BDFFCDF1C4BE26400CFE078 /* CopyrightViewController.xib */; settings = {ASSET_TAGS = (); }; };
		2BF6B1441C54FA76003B4C7F /* SuDBManager+private.m in Sources */ = {isa = PBXBuildFile; fileRef = 2BF6B13F1C54FA76003B4C7F /* SuDBManager+private.m */; settings = {ASSET_TAGS = (); }; };
		2BF6B1451C54FA76003B4C7F /* SuDBManager.m in Sources */ = {isa = PBXBuildFile; fileRef = 2BF6B1411C54FA76003B4C7F /* SuDBManager.m */; settings = {ASSET_TAGS = (); }; };
		B199DC8B1C55C86100D2E63E /* SuLyricTool.m in Sources */ = {isa = PBXBuildFile; fileRef = B199DC8A1C55C86100D2E63E /* SuLyricTool.m */; settings = {ASSET_TAGS = (); }; };
		B199DC911C57046F00D2E63E /* LyricView.m in Sources */ = {isa = PBXBuildFile; fileRef = B199DC901C57046F00D2E63E /* LyricView.m */; settings = {ASSET_TAGS = (); }; };
		B1A340011C4642190011867B /* NSDate+SU.m in Sources */ = {isa = PBXBuildFile; fileRef = B1A33FC41C4642190011867B /* NSDate+SU.m */; settings = {ASSET_TAGS = (); }; };
		B1A340021C4642190011867B /* NSDictionary+SU.m in Sources */ = {isa = PBXBuildFile; fileRef = B1A33FC61C4642190011867B /* NSDictionary+SU.m */; settings = {ASSET_TAGS = (); }; };
		B1A340031C4642190011867B /* NSString+SU.m in Sources */ = {isa = PBXBuildFile; fileRef = B1A33FC81C4642190011867B /* NSString+SU.m */; settings = {ASSET_TAGS = (); }; };
		B1A340041C4642190011867B /* UIButton+SU.m in Sources */ = {isa = PBXBuildFile; fileRef = B1A33FCA1C4642190011867B /* UIButton+SU.m */; settings = {ASSET_TAGS = (); }; };
		B1A340051C4642190011867B /* UIColor+SU.m in Sources */ = {isa = PBXBuildFile; fileRef = B1A33FCC1C4642190011867B /* UIColor+SU.m */; settings = {ASSET_TAGS = (); }; };
		B1A340061C4642190011867B /* UIImage+SU.m in Sources */ = {isa = PBXBuildFile; fileRef = B1A33FCE1C4642190011867B /* UIImage+SU.m */; settings = {ASSET_TAGS = (); }; };
		B1A340071C4642190011867B /* UILabel+SU.m in Sources */ = {isa = PBXBuildFile; fileRef = B1A33FD01C4642190011867B /* UILabel+SU.m */; settings = {ASSET_TAGS = (); }; };
		B1A340081C4642190011867B /* UITextField+SU.m in Sources */ = {isa = PBXBuildFile; fileRef = B1A33FD21C4642190011867B /* UITextField+SU.m */; settings = {ASSET_TAGS = (); }; };
		B1A340091C4642190011867B /* UIView+SU.m in Sources */ = {isa = PBXBuildFile; fileRef = B1A33FD41C4642190011867B /* UIView+SU.m */; settings = {ASSET_TAGS = (); }; };
		B1A3400A1C4642190011867B /* UIWindow+SU.m in Sources */ = {isa = PBXBuildFile; fileRef = B1A33FD61C4642190011867B /* UIWindow+SU.m */; settings = {ASSET_TAGS = (); }; };
		B1A3400B1C4642190011867B /* SuButton.m in Sources */ = {isa = PBXBuildFile; fileRef = B1A33FD91C4642190011867B /* SuButton.m */; settings = {ASSET_TAGS = (); }; };
		B1A3400C1C4642190011867B /* SuCaptureCodeView.m in Sources */ = {isa = PBXBuildFile; fileRef = B1A33FDB1C4642190011867B /* SuCaptureCodeView.m */; settings = {ASSET_TAGS = (); }; };
		B1A3400D1C4642190011867B /* SuTabBarController.m in Sources */ = {isa = PBXBuildFile; fileRef = B1A33FDD1C4642190011867B /* SuTabBarController.m */; settings = {ASSET_TAGS = (); }; };
		B1A3400E1C4642190011867B /* SuAudioTool.m in Sources */ = {isa = PBXBuildFile; fileRef = B1A33FE31C4642190011867B /* SuAudioTool.m */; settings = {ASSET_TAGS = (); }; };
		B1A3400F1C4642190011867B /* CustomTabbar.m in Sources */ = {isa = PBXBuildFile; fileRef = B1A33FE51C4642190011867B /* CustomTabbar.m */; settings = {ASSET_TAGS = (); }; };
		B1A340101C4642190011867B /* SphereMenu.m in Sources */ = {isa = PBXBuildFile; fileRef = B1A33FE81C4642190011867B /* SphereMenu.m */; settings = {ASSET_TAGS = (); }; };
		B1A340111C4642190011867B /* SuAppSetting.m in Sources */ = {isa = PBXBuildFile; fileRef = B1A33FEA1C4642190011867B /* SuAppSetting.m */; settings = {ASSET_TAGS = (); }; };
		B1A340121C4642190011867B /* SuDate.m in Sources */ = {isa = PBXBuildFile; fileRef = B1A33FEC1C4642190011867B /* SuDate.m */; settings = {ASSET_TAGS = (); }; };
		B1A340131C4642190011867B /* SuDropDownList.m in Sources */ = {isa = PBXBuildFile; fileRef = B1A33FEE1C4642190011867B /* SuDropDownList.m */; settings = {ASSET_TAGS = (); }; };
		B1A340141C4642190011867B /* SuFile.m in Sources */ = {isa = PBXBuildFile; fileRef = B1A33FF01C4642190011867B /* SuFile.m */; settings = {ASSET_TAGS = (); }; };
		B1A340151C4642190011867B /* SuImageView.m in Sources */ = {isa = PBXBuildFile; fileRef = B1A33FF21C4642190011867B /* SuImageView.m */; settings = {ASSET_TAGS = (); }; };
		B1A340161C4642190011867B /* SuModelTool.m in Sources */ = {isa = PBXBuildFile; fileRef = B1A33FF41C4642190011867B /* SuModelTool.m */; settings = {ASSET_TAGS = (); }; };
		B1A340171C4642190011867B /* SuNetworkMonitor.m in Sources */ = {isa = PBXBuildFile; fileRef = B1A33FF61C4642190011867B /* SuNetworkMonitor.m */; settings = {ASSET_TAGS = (); }; };
		B1A340181C4642190011867B /* SUPictureScroll.m in Sources */ = {isa = PBXBuildFile; fileRef = B1A33FF81C4642190011867B /* SUPictureScroll.m */; settings = {ASSET_TAGS = (); }; };
		B1A340191C4642190011867B /* SuScreenAdaptation.m in Sources */ = {isa = PBXBuildFile; fileRef = B1A33FFC1C4642190011867B /* SuScreenAdaptation.m */; settings = {ASSET_TAGS = (); }; };
		B1A3401A1C4642190011867B /* SuString.m in Sources */ = {isa = PBXBuildFile; fileRef = B1A33FFE1C4642190011867B /* SuString.m */; settings = {ASSET_TAGS = (); }; };
		B1A3401B1C4642190011867B /* SuViewTool.m in Sources */ = {isa = PBXBuildFile; fileRef = B1A340001C4642190011867B /* SuViewTool.m */; settings = {ASSET_TAGS = (); }; };
		B1B4C92E1C5F385E00A767CA /* ShareView.m in Sources */ = {isa = PBXBuildFile; fileRef = B1B4C92D1C5F385E00A767CA /* ShareView.m */; settings = {ASSET_TAGS = (); }; };
		B1B4C9301C5F386C00A767CA /* ShareView.xib in Resources */ = {isa = PBXBuildFile; fileRef = B1B4C92F1C5F386C00A767CA /* ShareView.xib */; settings = {ASSET_TAGS = (); }; };
		B1B4C9331C5F529100A767CA /* OffLineManager.m in Sources */ = {isa = PBXBuildFile; fileRef = B1B4C9321C5F529100A767CA /* OffLineManager.m */; settings = {ASSET_TAGS = (); }; };
		B1B4C93C1C5F79DB00A767CA /* SongListTableViewCell.m in Sources */ = {isa = PBXBuildFile; fileRef = B1B4C93A1C5F79DB00A767CA /* SongListTableViewCell.m */; settings = {ASSET_TAGS = (); }; };
		B1B4C93D1C5F79DB00A767CA /* SongListTableViewCell.xib in Resources */ = {isa = PBXBuildFile; fileRef = B1B4C93B1C5F79DB00A767CA /* SongListTableViewCell.xib */; settings = {ASSET_TAGS = (); }; };
		B1B4C9401C5F851000A767CA /* MyFavorViewController.m in Sources */ = {isa = PBXBuildFile; fileRef = B1B4C93F1C5F851000A767CA /* MyFavorViewController.m */; settings = {ASSET_TAGS = (); }; };
		B1B4C94B1C60419200A767CA /* MySharedViewController.m in Sources */ = {isa = PBXBuildFile; fileRef = B1B4C94A1C60419200A767CA /* MySharedViewController.m */; settings = {ASSET_TAGS = (); }; };
		B1B4C94E1C60420800A767CA /* MyOffLineViewController.m in Sources */ = {isa = PBXBuildFile; fileRef = B1B4C94D1C60420800A767CA /* MyOffLineViewController.m */; settings = {ASSET_TAGS = (); }; };
		B1B4C95C1C60BF7200A767CA /* SongTableView.m in Sources */ = {isa = PBXBuildFile; fileRef = B1B4C95A1C60BF7200A767CA /* SongTableView.m */; settings = {ASSET_TAGS = (); }; };
		B1B4C95D1C60BF7200A767CA /* SongTableView.xib in Resources */ = {isa = PBXBuildFile; fileRef = B1B4C95B1C60BF7200A767CA /* SongTableView.xib */; settings = {ASSET_TAGS = (); }; };
		B1B4C9601C619C3700A767CA /* DownLoadInfo.m in Sources */ = {isa = PBXBuildFile; fileRef = B1B4C95F1C619C3700A767CA /* DownLoadInfo.m */; settings = {ASSET_TAGS = (); }; };
		C0CC2742934E4E0C2A2BE3CC /* libPods.a in Frameworks */ = {isa = PBXBuildFile; fileRef = C62326311B6DDD31F421887E /* libPods.a */; };
/* End PBXBuildFile section */

/* Begin PBXFileReference section */
		262DEA8BDAAA1AEC925980C1 /* Pods.release.xcconfig */ = {isa = PBXFileReference; includeInIndex = 1; lastKnownFileType = text.xcconfig; name = Pods.release.xcconfig; path = "Pods/Target Support Files/Pods/Pods.release.xcconfig"; sourceTree = "<group>"; };
		2B4FA9311C4541E20033FE92 /* PrefixHeader.pch */ = {isa = PBXFileReference; fileEncoding = 4; lastKnownFileType = sourcecode.c.h; path = PrefixHeader.pch; sourceTree = "<group>"; };
		2B4FA9331C4542E60033FE92 /* SUNetwork.h */ = {isa = PBXFileReference; fileEncoding = 4; lastKnownFileType = sourcecode.c.h; path = SUNetwork.h; sourceTree = "<group>"; };
		2B4FA9341C4542E60033FE92 /* SUNetwork.m */ = {isa = PBXFileReference; fileEncoding = 4; lastKnownFileType = sourcecode.c.objc; path = SUNetwork.m; sourceTree = "<group>"; };
		2B4FA9371C4543DE0033FE92 /* DouAPI.h */ = {isa = PBXFileReference; fileEncoding = 4; lastKnownFileType = sourcecode.c.h; path = DouAPI.h; sourceTree = "<group>"; };
		2B7352F21C425EE5000C51C5 /* SUMusic.app */ = {isa = PBXFileReference; explicitFileType = wrapper.application; includeInIndex = 0; path = SUMusic.app; sourceTree = BUILT_PRODUCTS_DIR; };
		2B7352F61C425EE5000C51C5 /* main.m */ = {isa = PBXFileReference; lastKnownFileType = sourcecode.c.objc; path = main.m; sourceTree = "<group>"; };
		2B7352F81C425EE5000C51C5 /* AppDelegate.h */ = {isa = PBXFileReference; lastKnownFileType = sourcecode.c.h; path = AppDelegate.h; sourceTree = "<group>"; };
		2B7352F91C425EE5000C51C5 /* AppDelegate.m */ = {isa = PBXFileReference; lastKnownFileType = sourcecode.c.objc; path = AppDelegate.m; sourceTree = "<group>"; };
		2B7353011C425EE5000C51C5 /* Assets.xcassets */ = {isa = PBXFileReference; lastKnownFileType = folder.assetcatalog; name = Assets.xcassets; path = ../Assets.xcassets; sourceTree = "<group>"; };
		2B7353061C425EE5000C51C5 /* Info.plist */ = {isa = PBXFileReference; lastKnownFileType = text.plist.xml; path = Info.plist; sourceTree = "<group>"; };
		2B73531C1C426082000C51C5 /* SUPlayerManager.h */ = {isa = PBXFileReference; fileEncoding = 4; lastKnownFileType = sourcecode.c.h; path = SUPlayerManager.h; sourceTree = "<group>"; };
		2B73531D1C426082000C51C5 /* SUPlayerManager.m */ = {isa = PBXFileReference; fileEncoding = 4; lastKnownFileType = sourcecode.c.objc; path = SUPlayerManager.m; sourceTree = "<group>"; };
		2B7353201C42623B000C51C5 /* SongInfo.h */ = {isa = PBXFileReference; fileEncoding = 4; lastKnownFileType = sourcecode.c.h; path = SongInfo.h; sourceTree = "<group>"; };
		2B7353211C42623B000C51C5 /* SongInfo.m */ = {isa = PBXFileReference; fileEncoding = 4; lastKnownFileType = sourcecode.c.objc; path = SongInfo.m; sourceTree = "<group>"; };
		2B7353261C428491000C51C5 /* PlayViewController.xib */ = {isa = PBXFileReference; fileEncoding = 4; lastKnownFileType = file.xib; path = PlayViewController.xib; sourceTree = "<group>"; };
		2BB57D971C46A45B004A1B27 /* NSObject+SSS.h */ = {isa = PBXFileReference; fileEncoding = 4; lastKnownFileType = sourcecode.c.h; path = "NSObject+SSS.h"; sourceTree = "<group>"; };
		2BB57D981C46A45B004A1B27 /* NSObject+SSS.m */ = {isa = PBXFileReference; fileEncoding = 4; lastKnownFileType = sourcecode.c.objc; path = "NSObject+SSS.m"; sourceTree = "<group>"; };
		2BB57D991C46A45B004A1B27 /* SSSJsonManager.h */ = {isa = PBXFileReference; fileEncoding = 4; lastKnownFileType = sourcecode.c.h; path = SSSJsonManager.h; sourceTree = "<group>"; };
		2BB57D9F1C46AED5004A1B27 /* Player.xcassets */ = {isa = PBXFileReference; lastKnownFileType = folder.assetcatalog; path = Player.xcassets; sourceTree = "<group>"; };
		2BDFFC9E1C4B5A9800CFE078 /* ChannelListViewController.h */ = {isa = PBXFileReference; fileEncoding = 4; lastKnownFileType = sourcecode.c.h; path = ChannelListViewController.h; sourceTree = "<group>"; };
		2BDFFC9F1C4B5A9800CFE078 /* ChannelListViewController.m */ = {isa = PBXFileReference; fileEncoding = 4; lastKnownFileType = sourcecode.c.objc; path = ChannelListViewController.m; sourceTree = "<group>"; };
		2BDFFCA01C4B5A9800CFE078 /* ChannelListViewController.xib */ = {isa = PBXFileReference; fileEncoding = 4; lastKnownFileType = file.xib; path = ChannelListViewController.xib; sourceTree = "<group>"; };
		2BDFFCA31C4B62FC00CFE078 /* PlayViewController.h */ = {isa = PBXFileReference; fileEncoding = 4; lastKnownFileType = sourcecode.c.h; path = PlayViewController.h; sourceTree = "<group>"; };
		2BDFFCA41C4B62FC00CFE078 /* PlayViewController.m */ = {isa = PBXFileReference; fileEncoding = 4; lastKnownFileType = sourcecode.c.objc; path = PlayViewController.m; sourceTree = "<group>"; };
		2BDFFCA61C4B807400CFE078 /* BaseInfo.h */ = {isa = PBXFileReference; fileEncoding = 4; lastKnownFileType = sourcecode.c.h; path = BaseInfo.h; sourceTree = "<group>"; };
		2BDFFCA71C4B807400CFE078 /* BaseInfo.m */ = {isa = PBXFileReference; fileEncoding = 4; lastKnownFileType = sourcecode.c.objc; path = BaseInfo.m; sourceTree = "<group>"; };
		2BDFFCA91C4B8F1000CFE078 /* UserInfo.h */ = {isa = PBXFileReference; fileEncoding = 4; lastKnownFileType = sourcecode.c.h; path = UserInfo.h; sourceTree = "<group>"; };
		2BDFFCAA1C4B8F1000CFE078 /* UserInfo.m */ = {isa = PBXFileReference; fileEncoding = 4; lastKnownFileType = sourcecode.c.objc; path = UserInfo.m; sourceTree = "<group>"; };
		2BDFFCAC1C4B905600CFE078 /* LoginPage.h */ = {isa = PBXFileReference; fileEncoding = 4; lastKnownFileType = sourcecode.c.h; path = LoginPage.h; sourceTree = "<group>"; };
		2BDFFCAD1C4B905600CFE078 /* LoginPage.m */ = {isa = PBXFileReference; fileEncoding = 4; lastKnownFileType = sourcecode.c.objc; path = LoginPage.m; sourceTree = "<group>"; };
		2BDFFCAE1C4B905600CFE078 /* LoginPage.xib */ = {isa = PBXFileReference; fileEncoding = 4; lastKnownFileType = file.xib; path = LoginPage.xib; sourceTree = "<group>"; };
		2BDFFCB11C4B908000CFE078 /* BaseViewController.h */ = {isa = PBXFileReference; fileEncoding = 4; lastKnownFileType = sourcecode.c.h; path = BaseViewController.h; sourceTree = "<group>"; };
		2BDFFCB21C4B908000CFE078 /* BaseViewController.m */ = {isa = PBXFileReference; fileEncoding = 4; lastKnownFileType = sourcecode.c.objc; path = BaseViewController.m; sourceTree = "<group>"; };
		2BDFFCB41C4B912E00CFE078 /* Login.xcassets */ = {isa = PBXFileReference; lastKnownFileType = folder.assetcatalog; path = Login.xcassets; sourceTree = "<group>"; };
		2BDFFCB61C4B9D9000CFE078 /* ChannelInfo.h */ = {isa = PBXFileReference; fileEncoding = 4; lastKnownFileType = sourcecode.c.h; path = ChannelInfo.h; sourceTree = "<group>"; };
		2BDFFCB71C4B9D9000CFE078 /* ChannelInfo.m */ = {isa = PBXFileReference; fileEncoding = 4; lastKnownFileType = sourcecode.c.objc; path = ChannelInfo.m; sourceTree = "<group>"; };
		2BDFFCBA1C4BA07500CFE078 /* SuGlobal.h */ = {isa = PBXFileReference; fileEncoding = 4; lastKnownFileType = sourcecode.c.h; path = SuGlobal.h; sourceTree = "<group>"; };
		2BDFFCBB1C4BA07500CFE078 /* SuGlobal.m */ = {isa = PBXFileReference; fileEncoding = 4; lastKnownFileType = sourcecode.c.objc; path = SuGlobal.m; sourceTree = "<group>"; };
		2BDFFCBD1C4BB05A00CFE078 /* MineViewController.h */ = {isa = PBXFileReference; fileEncoding = 4; lastKnownFileType = sourcecode.c.h; path = MineViewController.h; sourceTree = "<group>"; };
		2BDFFCBE1C4BB05A00CFE078 /* MineViewController.m */ = {isa = PBXFileReference; fileEncoding = 4; lastKnownFileType = sourcecode.c.objc; path = MineViewController.m; sourceTree = "<group>"; };
		2BDFFCBF1C4BB05A00CFE078 /* MineViewController.xib */ = {isa = PBXFileReference; fileEncoding = 4; lastKnownFileType = file.xib; path = MineViewController.xib; sourceTree = "<group>"; };
		2BDFFCC21C4BB1EE00CFE078 /* HomeViewController.h */ = {isa = PBXFileReference; fileEncoding = 4; lastKnownFileType = sourcecode.c.h; path = HomeViewController.h; sourceTree = "<group>"; };
		2BDFFCC31C4BB1EE00CFE078 /* HomeViewController.m */ = {isa = PBXFileReference; fileEncoding = 4; lastKnownFileType = sourcecode.c.objc; path = HomeViewController.m; sourceTree = "<group>"; };
		2BDFFCC51C4BB2D100CFE078 /* TopTabItemView.h */ = {isa = PBXFileReference; fileEncoding = 4; lastKnownFileType = sourcecode.c.h; path = TopTabItemView.h; sourceTree = "<group>"; };
		2BDFFCC61C4BB2D100CFE078 /* TopTabItemView.m */ = {isa = PBXFileReference; fileEncoding = 4; lastKnownFileType = sourcecode.c.objc; path = TopTabItemView.m; sourceTree = "<group>"; };
		2BDFFCC81C4BB2DF00CFE078 /* TopTabItemView.xib */ = {isa = PBXFileReference; fileEncoding = 4; lastKnownFileType = file.xib; path = TopTabItemView.xib; sourceTree = "<group>"; };
		2BDFFCCA1C4BCB0800CFE078 /* ChannelTableViewCell.h */ = {isa = PBXFileReference; fileEncoding = 4; lastKnownFileType = sourcecode.c.h; path = ChannelTableViewCell.h; sourceTree = "<group>"; };
		2BDFFCCB1C4BCB0800CFE078 /* ChannelTableViewCell.m */ = {isa = PBXFileReference; fileEncoding = 4; lastKnownFileType = sourcecode.c.objc; path = ChannelTableViewCell.m; sourceTree = "<group>"; };
		2BDFFCCC1C4BCB0800CFE078 /* ChannelTableViewCell.xib */ = {isa = PBXFileReference; fileEncoding = 4; lastKnownFileType = file.xib; path = ChannelTableViewCell.xib; sourceTree = "<group>"; };
		2BDFFCCF1C4BD79F00CFE078 /* MineHeader.h */ = {isa = PBXFileReference; fileEncoding = 4; lastKnownFileType = sourcecode.c.h; path = MineHeader.h; sourceTree = "<group>"; };
		2BDFFCD01C4BD79F00CFE078 /* MineHeader.m */ = {isa = PBXFileReference; fileEncoding = 4; lastKnownFileType = sourcecode.c.objc; path = MineHeader.m; sourceTree = "<group>"; };
		2BDFFCD21C4BD7AE00CFE078 /* MineHeader.xib */ = {isa = PBXFileReference; fileEncoding = 4; lastKnownFileType = file.xib; path = MineHeader.xib; sourceTree = "<group>"; };
		2BDFFCD41C4BDAB300CFE078 /* Mine.xcassets */ = {isa = PBXFileReference; lastKnownFileType = folder.assetcatalog; path = Mine.xcassets; sourceTree = "<group>"; };
		2BDFFCD61C4BDB7000CFE078 /* MineTableViewCell.h */ = {isa = PBXFileReference; fileEncoding = 4; lastKnownFileType = sourcecode.c.h; path = MineTableViewCell.h; sourceTree = "<group>"; };
		2BDFFCD71C4BDB7000CFE078 /* MineTableViewCell.m */ = {isa = PBXFileReference; fileEncoding = 4; lastKnownFileType = sourcecode.c.objc; path = MineTableViewCell.m; sourceTree = "<group>"; };
		2BDFFCD81C4BDB7000CFE078 /* MineTableViewCell.xib */ = {isa = PBXFileReference; fileEncoding = 4; lastKnownFileType = file.xib; path = MineTableViewCell.xib; sourceTree = "<group>"; };
		2BDFFCDD1C4BE26400CFE078 /* CopyrightViewController.h */ = {isa = PBXFileReference; fileEncoding = 4; lastKnownFileType = sourcecode.c.h; path = CopyrightViewController.h; sourceTree = "<group>"; };
		2BDFFCDE1C4BE26400CFE078 /* CopyrightViewController.m */ = {isa = PBXFileReference; fileEncoding = 4; lastKnownFileType = sourcecode.c.objc; path = CopyrightViewController.m; sourceTree = "<group>"; };
		2BDFFCDF1C4BE26400CFE078 /* CopyrightViewController.xib */ = {isa = PBXFileReference; fileEncoding = 4; lastKnownFileType = file.xib; path = CopyrightViewController.xib; sourceTree = "<group>"; };
		2BF6B13E1C54FA76003B4C7F /* SuDBManager+private.h */ = {isa = PBXFileReference; fileEncoding = 4; lastKnownFileType = sourcecode.c.h; path = "SuDBManager+private.h"; sourceTree = "<group>"; };
		2BF6B13F1C54FA76003B4C7F /* SuDBManager+private.m */ = {isa = PBXFileReference; fileEncoding = 4; lastKnownFileType = sourcecode.c.objc; path = "SuDBManager+private.m"; sourceTree = "<group>"; };
		2BF6B1401C54FA76003B4C7F /* SuDBManager.h */ = {isa = PBXFileReference; fileEncoding = 4; lastKnownFileType = sourcecode.c.h; path = SuDBManager.h; sourceTree = "<group>"; };
		2BF6B1411C54FA76003B4C7F /* SuDBManager.m */ = {isa = PBXFileReference; fileEncoding = 4; lastKnownFileType = sourcecode.c.objc; path = SuDBManager.m; sourceTree = "<group>"; };
		AA1EFFC62DA7BFC1F7FBFCF3 /* Pods.debug.xcconfig */ = {isa = PBXFileReference; includeInIndex = 1; lastKnownFileType = text.xcconfig; name = Pods.debug.xcconfig; path = "Pods/Target Support Files/Pods/Pods.debug.xcconfig"; sourceTree = "<group>"; };
		B199DC891C55C86100D2E63E /* SuLyricTool.h */ = {isa = PBXFileReference; fileEncoding = 4; lastKnownFileType = sourcecode.c.h; path = SuLyricTool.h; sourceTree = "<group>"; };
		B199DC8A1C55C86100D2E63E /* SuLyricTool.m */ = {isa = PBXFileReference; fileEncoding = 4; lastKnownFileType = sourcecode.c.objc; path = SuLyricTool.m; sourceTree = "<group>"; };
		B199DC8F1C57046F00D2E63E /* LyricView.h */ = {isa = PBXFileReference; fileEncoding = 4; lastKnownFileType = sourcecode.c.h; path = LyricView.h; sourceTree = "<group>"; };
		B199DC901C57046F00D2E63E /* LyricView.m */ = {isa = PBXFileReference; fileEncoding = 4; lastKnownFileType = sourcecode.c.objc; path = LyricView.m; sourceTree = "<group>"; };
		B1A33FC31C4642190011867B /* NSDate+SU.h */ = {isa = PBXFileReference; fileEncoding = 4; lastKnownFileType = sourcecode.c.h; path = "NSDate+SU.h"; sourceTree = "<group>"; };
		B1A33FC41C4642190011867B /* NSDate+SU.m */ = {isa = PBXFileReference; fileEncoding = 4; lastKnownFileType = sourcecode.c.objc; path = "NSDate+SU.m"; sourceTree = "<group>"; };
		B1A33FC51C4642190011867B /* NSDictionary+SU.h */ = {isa = PBXFileReference; fileEncoding = 4; lastKnownFileType = sourcecode.c.h; path = "NSDictionary+SU.h"; sourceTree = "<group>"; };
		B1A33FC61C4642190011867B /* NSDictionary+SU.m */ = {isa = PBXFileReference; fileEncoding = 4; lastKnownFileType = sourcecode.c.objc; path = "NSDictionary+SU.m"; sourceTree = "<group>"; };
		B1A33FC71C4642190011867B /* NSString+SU.h */ = {isa = PBXFileReference; fileEncoding = 4; lastKnownFileType = sourcecode.c.h; path = "NSString+SU.h"; sourceTree = "<group>"; };
		B1A33FC81C4642190011867B /* NSString+SU.m */ = {isa = PBXFileReference; fileEncoding = 4; lastKnownFileType = sourcecode.c.objc; path = "NSString+SU.m"; sourceTree = "<group>"; };
		B1A33FC91C4642190011867B /* UIButton+SU.h */ = {isa = PBXFileReference; fileEncoding = 4; lastKnownFileType = sourcecode.c.h; path = "UIButton+SU.h"; sourceTree = "<group>"; };
		B1A33FCA1C4642190011867B /* UIButton+SU.m */ = {isa = PBXFileReference; fileEncoding = 4; lastKnownFileType = sourcecode.c.objc; path = "UIButton+SU.m"; sourceTree = "<group>"; };
		B1A33FCB1C4642190011867B /* UIColor+SU.h */ = {isa = PBXFileReference; fileEncoding = 4; lastKnownFileType = sourcecode.c.h; path = "UIColor+SU.h"; sourceTree = "<group>"; };
		B1A33FCC1C4642190011867B /* UIColor+SU.m */ = {isa = PBXFileReference; fileEncoding = 4; lastKnownFileType = sourcecode.c.objc; path = "UIColor+SU.m"; sourceTree = "<group>"; };
		B1A33FCD1C4642190011867B /* UIImage+SU.h */ = {isa = PBXFileReference; fileEncoding = 4; lastKnownFileType = sourcecode.c.h; path = "UIImage+SU.h"; sourceTree = "<group>"; };
		B1A33FCE1C4642190011867B /* UIImage+SU.m */ = {isa = PBXFileReference; fileEncoding = 4; lastKnownFileType = sourcecode.c.objc; path = "UIImage+SU.m"; sourceTree = "<group>"; };
		B1A33FCF1C4642190011867B /* UILabel+SU.h */ = {isa = PBXFileReference; fileEncoding = 4; lastKnownFileType = sourcecode.c.h; path = "UILabel+SU.h"; sourceTree = "<group>"; };
		B1A33FD01C4642190011867B /* UILabel+SU.m */ = {isa = PBXFileReference; fileEncoding = 4; lastKnownFileType = sourcecode.c.objc; path = "UILabel+SU.m"; sourceTree = "<group>"; };
		B1A33FD11C4642190011867B /* UITextField+SU.h */ = {isa = PBXFileReference; fileEncoding = 4; lastKnownFileType = sourcecode.c.h; path = "UITextField+SU.h"; sourceTree = "<group>"; };
		B1A33FD21C4642190011867B /* UITextField+SU.m */ = {isa = PBXFileReference; fileEncoding = 4; lastKnownFileType = sourcecode.c.objc; path = "UITextField+SU.m"; sourceTree = "<group>"; };
		B1A33FD31C4642190011867B /* UIView+SU.h */ = {isa = PBXFileReference; fileEncoding = 4; lastKnownFileType = sourcecode.c.h; path = "UIView+SU.h"; sourceTree = "<group>"; };
		B1A33FD41C4642190011867B /* UIView+SU.m */ = {isa = PBXFileReference; fileEncoding = 4; lastKnownFileType = sourcecode.c.objc; path = "UIView+SU.m"; sourceTree = "<group>"; };
		B1A33FD51C4642190011867B /* UIWindow+SU.h */ = {isa = PBXFileReference; fileEncoding = 4; lastKnownFileType = sourcecode.c.h; path = "UIWindow+SU.h"; sourceTree = "<group>"; };
		B1A33FD61C4642190011867B /* UIWindow+SU.m */ = {isa = PBXFileReference; fileEncoding = 4; lastKnownFileType = sourcecode.c.objc; path = "UIWindow+SU.m"; sourceTree = "<group>"; };
		B1A33FD81C4642190011867B /* SuButton.h */ = {isa = PBXFileReference; fileEncoding = 4; lastKnownFileType = sourcecode.c.h; path = SuButton.h; sourceTree = "<group>"; };
		B1A33FD91C4642190011867B /* SuButton.m */ = {isa = PBXFileReference; fileEncoding = 4; lastKnownFileType = sourcecode.c.objc; path = SuButton.m; sourceTree = "<group>"; };
		B1A33FDA1C4642190011867B /* SuCaptureCodeView.h */ = {isa = PBXFileReference; fileEncoding = 4; lastKnownFileType = sourcecode.c.h; path = SuCaptureCodeView.h; sourceTree = "<group>"; };
		B1A33FDB1C4642190011867B /* SuCaptureCodeView.m */ = {isa = PBXFileReference; fileEncoding = 4; lastKnownFileType = sourcecode.c.objc; path = SuCaptureCodeView.m; sourceTree = "<group>"; };
		B1A33FDC1C4642190011867B /* SuTabBarController.h */ = {isa = PBXFileReference; fileEncoding = 4; lastKnownFileType = sourcecode.c.h; path = SuTabBarController.h; sourceTree = "<group>"; };
		B1A33FDD1C4642190011867B /* SuTabBarController.m */ = {isa = PBXFileReference; fileEncoding = 4; lastKnownFileType = sourcecode.c.objc; path = SuTabBarController.m; sourceTree = "<group>"; };
		B1A33FDE1C4642190011867B /* SuCategory.h */ = {isa = PBXFileReference; fileEncoding = 4; lastKnownFileType = sourcecode.c.h; path = SuCategory.h; sourceTree = "<group>"; };
		B1A33FDF1C4642190011867B /* SuTool.h */ = {isa = PBXFileReference; fileEncoding = 4; lastKnownFileType = sourcecode.c.h; path = SuTool.h; sourceTree = "<group>"; };
		B1A33FE21C4642190011867B /* SuAudioTool.h */ = {isa = PBXFileReference; fileEncoding = 4; lastKnownFileType = sourcecode.c.h; path = SuAudioTool.h; sourceTree = "<group>"; };
		B1A33FE31C4642190011867B /* SuAudioTool.m */ = {isa = PBXFileReference; fileEncoding = 4; lastKnownFileType = sourcecode.c.objc; path = SuAudioTool.m; sourceTree = "<group>"; };
		B1A33FE41C4642190011867B /* CustomTabbar.h */ = {isa = PBXFileReference; fileEncoding = 4; lastKnownFileType = sourcecode.c.h; path = CustomTabbar.h; sourceTree = "<group>"; };
		B1A33FE51C4642190011867B /* CustomTabbar.m */ = {isa = PBXFileReference; fileEncoding = 4; lastKnownFileType = sourcecode.c.objc; path = CustomTabbar.m; sourceTree = "<group>"; };
		B1A33FE71C4642190011867B /* SphereMenu.h */ = {isa = PBXFileReference; fileEncoding = 4; lastKnownFileType = sourcecode.c.h; path = SphereMenu.h; sourceTree = "<group>"; };
		B1A33FE81C4642190011867B /* SphereMenu.m */ = {isa = PBXFileReference; fileEncoding = 4; lastKnownFileType = sourcecode.c.objc; path = SphereMenu.m; sourceTree = "<group>"; };
		B1A33FE91C4642190011867B /* SuAppSetting.h */ = {isa = PBXFileReference; fileEncoding = 4; lastKnownFileType = sourcecode.c.h; path = SuAppSetting.h; sourceTree = "<group>"; };
		B1A33FEA1C4642190011867B /* SuAppSetting.m */ = {isa = PBXFileReference; fileEncoding = 4; lastKnownFileType = sourcecode.c.objc; path = SuAppSetting.m; sourceTree = "<group>"; };
		B1A33FEB1C4642190011867B /* SuDate.h */ = {isa = PBXFileReference; fileEncoding = 4; lastKnownFileType = sourcecode.c.h; path = SuDate.h; sourceTree = "<group>"; };
		B1A33FEC1C4642190011867B /* SuDate.m */ = {isa = PBXFileReference; fileEncoding = 4; lastKnownFileType = sourcecode.c.objc; path = SuDate.m; sourceTree = "<group>"; };
		B1A33FED1C4642190011867B /* SuDropDownList.h */ = {isa = PBXFileReference; fileEncoding = 4; lastKnownFileType = sourcecode.c.h; path = SuDropDownList.h; sourceTree = "<group>"; };
		B1A33FEE1C4642190011867B /* SuDropDownList.m */ = {isa = PBXFileReference; fileEncoding = 4; lastKnownFileType = sourcecode.c.objc; path = SuDropDownList.m; sourceTree = "<group>"; };
		B1A33FEF1C4642190011867B /* SuFile.h */ = {isa = PBXFileReference; fileEncoding = 4; lastKnownFileType = sourcecode.c.h; path = SuFile.h; sourceTree = "<group>"; };
		B1A33FF01C4642190011867B /* SuFile.m */ = {isa = PBXFileReference; fileEncoding = 4; lastKnownFileType = sourcecode.c.objc; path = SuFile.m; sourceTree = "<group>"; };
		B1A33FF11C4642190011867B /* SuImageView.h */ = {isa = PBXFileReference; fileEncoding = 4; lastKnownFileType = sourcecode.c.h; path = SuImageView.h; sourceTree = "<group>"; };
		B1A33FF21C4642190011867B /* SuImageView.m */ = {isa = PBXFileReference; fileEncoding = 4; lastKnownFileType = sourcecode.c.objc; path = SuImageView.m; sourceTree = "<group>"; };
		B1A33FF31C4642190011867B /* SuModelTool.h */ = {isa = PBXFileReference; fileEncoding = 4; lastKnownFileType = sourcecode.c.h; path = SuModelTool.h; sourceTree = "<group>"; };
		B1A33FF41C4642190011867B /* SuModelTool.m */ = {isa = PBXFileReference; fileEncoding = 4; lastKnownFileType = sourcecode.c.objc; path = SuModelTool.m; sourceTree = "<group>"; };
		B1A33FF51C4642190011867B /* SuNetworkMonitor.h */ = {isa = PBXFileReference; fileEncoding = 4; lastKnownFileType = sourcecode.c.h; path = SuNetworkMonitor.h; sourceTree = "<group>"; };
		B1A33FF61C4642190011867B /* SuNetworkMonitor.m */ = {isa = PBXFileReference; fileEncoding = 4; lastKnownFileType = sourcecode.c.objc; path = SuNetworkMonitor.m; sourceTree = "<group>"; };
		B1A33FF71C4642190011867B /* SUPictureScroll.h */ = {isa = PBXFileReference; fileEncoding = 4; lastKnownFileType = sourcecode.c.h; path = SUPictureScroll.h; sourceTree = "<group>"; };
		B1A33FF81C4642190011867B /* SUPictureScroll.m */ = {isa = PBXFileReference; fileEncoding = 4; lastKnownFileType = sourcecode.c.objc; path = SUPictureScroll.m; sourceTree = "<group>"; };
		B1A33FFA1C4642190011867B /* SuScreenAdaptaionMacro.h */ = {isa = PBXFileReference; fileEncoding = 4; lastKnownFileType = sourcecode.c.h; path = SuScreenAdaptaionMacro.h; sourceTree = "<group>"; };
		B1A33FFB1C4642190011867B /* SuScreenAdaptation.h */ = {isa = PBXFileReference; fileEncoding = 4; lastKnownFileType = sourcecode.c.h; path = SuScreenAdaptation.h; sourceTree = "<group>"; };
		B1A33FFC1C4642190011867B /* SuScreenAdaptation.m */ = {isa = PBXFileReference; fileEncoding = 4; lastKnownFileType = sourcecode.c.objc; path = SuScreenAdaptation.m; sourceTree = "<group>"; };
		B1A33FFD1C4642190011867B /* SuString.h */ = {isa = PBXFileReference; fileEncoding = 4; lastKnownFileType = sourcecode.c.h; path = SuString.h; sourceTree = "<group>"; };
		B1A33FFE1C4642190011867B /* SuString.m */ = {isa = PBXFileReference; fileEncoding = 4; lastKnownFileType = sourcecode.c.objc; path = SuString.m; sourceTree = "<group>"; };
		B1A33FFF1C4642190011867B /* SuViewTool.h */ = {isa = PBXFileReference; fileEncoding = 4; lastKnownFileType = sourcecode.c.h; path = SuViewTool.h; sourceTree = "<group>"; };
		B1A340001C4642190011867B /* SuViewTool.m */ = {isa = PBXFileReference; fileEncoding = 4; lastKnownFileType = sourcecode.c.objc; path = SuViewTool.m; sourceTree = "<group>"; };
		B1A3401C1C4642B30011867B /* SuDefine.h */ = {isa = PBXFileReference; fileEncoding = 4; lastKnownFileType = sourcecode.c.h; path = SuDefine.h; sourceTree = "<group>"; };
		B1B4C92C1C5F385E00A767CA /* ShareView.h */ = {isa = PBXFileReference; fileEncoding = 4; lastKnownFileType = sourcecode.c.h; path = ShareView.h; sourceTree = "<group>"; };
		B1B4C92D1C5F385E00A767CA /* ShareView.m */ = {isa = PBXFileReference; fileEncoding = 4; lastKnownFileType = sourcecode.c.objc; path = ShareView.m; sourceTree = "<group>"; };
		B1B4C92F1C5F386C00A767CA /* ShareView.xib */ = {isa = PBXFileReference; fileEncoding = 4; lastKnownFileType = file.xib; path = ShareView.xib; sourceTree = "<group>"; };
		B1B4C9311C5F529100A767CA /* OffLineManager.h */ = {isa = PBXFileReference; fileEncoding = 4; lastKnownFileType = sourcecode.c.h; path = OffLineManager.h; sourceTree = "<group>"; };
		B1B4C9321C5F529100A767CA /* OffLineManager.m */ = {isa = PBXFileReference; fileEncoding = 4; lastKnownFileType = sourcecode.c.objc; path = OffLineManager.m; sourceTree = "<group>"; };
		B1B4C9391C5F79DB00A767CA /* SongListTableViewCell.h */ = {isa = PBXFileReference; fileEncoding = 4; lastKnownFileType = sourcecode.c.h; path = SongListTableViewCell.h; sourceTree = "<group>"; };
		B1B4C93A1C5F79DB00A767CA /* SongListTableViewCell.m */ = {isa = PBXFileReference; fileEncoding = 4; lastKnownFileType = sourcecode.c.objc; path = SongListTableViewCell.m; sourceTree = "<group>"; };
		B1B4C93B1C5F79DB00A767CA /* SongListTableViewCell.xib */ = {isa = PBXFileReference; fileEncoding = 4; lastKnownFileType = file.xib; path = SongListTableViewCell.xib; sourceTree = "<group>"; };
		B1B4C93E1C5F851000A767CA /* MyFavorViewController.h */ = {isa = PBXFileReference; fileEncoding = 4; lastKnownFileType = sourcecode.c.h; path = MyFavorViewController.h; sourceTree = "<group>"; };
		B1B4C93F1C5F851000A767CA /* MyFavorViewController.m */ = {isa = PBXFileReference; fileEncoding = 4; lastKnownFileType = sourcecode.c.objc; path = MyFavorViewController.m; sourceTree = "<group>"; };
		B1B4C9491C60419200A767CA /* MySharedViewController.h */ = {isa = PBXFileReference; fileEncoding = 4; lastKnownFileType = sourcecode.c.h; path = MySharedViewController.h; sourceTree = "<group>"; };
		B1B4C94A1C60419200A767CA /* MySharedViewController.m */ = {isa = PBXFileReference; fileEncoding = 4; lastKnownFileType = sourcecode.c.objc; path = MySharedViewController.m; sourceTree = "<group>"; };
		B1B4C94C1C60420800A767CA /* MyOffLineViewController.h */ = {isa = PBXFileReference; fileEncoding = 4; lastKnownFileType = sourcecode.c.h; path = MyOffLineViewController.h; sourceTree = "<group>"; };
		B1B4C94D1C60420800A767CA /* MyOffLineViewController.m */ = {isa = PBXFileReference; fileEncoding = 4; lastKnownFileType = sourcecode.c.objc; path = MyOffLineViewController.m; sourceTree = "<group>"; };
		B1B4C9591C60BF7100A767CA /* SongTableView.h */ = {isa = PBXFileReference; fileEncoding = 4; lastKnownFileType = sourcecode.c.h; path = SongTableView.h; sourceTree = "<group>"; };
		B1B4C95A1C60BF7200A767CA /* SongTableView.m */ = {isa = PBXFileReference; fileEncoding = 4; lastKnownFileType = sourcecode.c.objc; path = SongTableView.m; sourceTree = "<group>"; };
		B1B4C95B1C60BF7200A767CA /* SongTableView.xib */ = {isa = PBXFileReference; fileEncoding = 4; lastKnownFileType = file.xib; path = SongTableView.xib; sourceTree = "<group>"; };
		B1B4C95E1C619C3700A767CA /* DownLoadInfo.h */ = {isa = PBXFileReference; fileEncoding = 4; lastKnownFileType = sourcecode.c.h; path = DownLoadInfo.h; sourceTree = "<group>"; };
		B1B4C95F1C619C3700A767CA /* DownLoadInfo.m */ = {isa = PBXFileReference; fileEncoding = 4; lastKnownFileType = sourcecode.c.objc; path = DownLoadInfo.m; sourceTree = "<group>"; };
		C62326311B6DDD31F421887E /* libPods.a */ = {isa = PBXFileReference; explicitFileType = archive.ar; includeInIndex = 0; path = libPods.a; sourceTree = BUILT_PRODUCTS_DIR; };
/* End PBXFileReference section */

/* Begin PBXFrameworksBuildPhase section */
		2B7352EF1C425EE5000C51C5 /* Frameworks */ = {
			isa = PBXFrameworksBuildPhase;
			buildActionMask = 2147483647;
			files = (
				C0CC2742934E4E0C2A2BE3CC /* libPods.a in Frameworks */,
			);
			runOnlyForDeploymentPostprocessing = 0;
		};
/* End PBXFrameworksBuildPhase section */

/* Begin PBXGroup section */
		1FDE0E34720F855E05284BFC /* Frameworks */ = {
			isa = PBXGroup;
			children = (
				C62326311B6DDD31F421887E /* libPods.a */,
			);
			name = Frameworks;
			sourceTree = "<group>";
		};
		2B4FA9321C45429E0033FE92 /* Network */ = {
			isa = PBXGroup;
			children = (
				2B4FA9331C4542E60033FE92 /* SUNetwork.h */,
				2B4FA9341C4542E60033FE92 /* SUNetwork.m */,
				B1B4C9311C5F529100A767CA /* OffLineManager.h */,
				B1B4C9321C5F529100A767CA /* OffLineManager.m */,
			);
			path = Network;
			sourceTree = "<group>";
		};
		2B4FA9361C4543A30033FE92 /* Define */ = {
			isa = PBXGroup;
			children = (
				B1A3401C1C4642B30011867B /* SuDefine.h */,
				2B4FA9371C4543DE0033FE92 /* DouAPI.h */,
			);
			path = Define;
			sourceTree = "<group>";
		};
		2B7352E91C425EE5000C51C5 = {
			isa = PBXGroup;
			children = (
				2B7352F41C425EE5000C51C5 /* SUMusic */,
				2B7352F31C425EE5000C51C5 /* Products */,
				D9EFAA468740EBE0E4B17CC7 /* Pods */,
				1FDE0E34720F855E05284BFC /* Frameworks */,
			);
			sourceTree = "<group>";
		};
		2B7352F31C425EE5000C51C5 /* Products */ = {
			isa = PBXGroup;
			children = (
				2B7352F21C425EE5000C51C5 /* SUMusic.app */,
			);
			name = Products;
			sourceTree = "<group>";
		};
		2B7352F41C425EE5000C51C5 /* SUMusic */ = {
			isa = PBXGroup;
			children = (
				2B7352F81C425EE5000C51C5 /* AppDelegate.h */,
				2B7352F91C425EE5000C51C5 /* AppDelegate.m */,
				2BDFFCB91C4BA05100CFE078 /* Global */,
				2B4FA9361C4543A30033FE92 /* Define */,
				2B7353231C428446000C51C5 /* Controller */,
				2B73532B1C42928F000C51C5 /* VIew */,
				2B73531F1C426219000C51C5 /* Model */,
				2B4FA9321C45429E0033FE92 /* Network */,
				2B73531B1C426047000C51C5 /* SUPlayer */,
				B1A33FC01C4641FD0011867B /* Expand */,
				2BB57D9E1C46AE93004A1B27 /* Resource */,
				2B7352F51C425EE5000C51C5 /* Supporting Files */,
			);
			path = SUMusic;
			sourceTree = "<group>";
		};
		2B7352F51C425EE5000C51C5 /* Supporting Files */ = {
			isa = PBXGroup;
			children = (
				2B4FA9311C4541E20033FE92 /* PrefixHeader.pch */,
				2B7353061C425EE5000C51C5 /* Info.plist */,
				2B7352F61C425EE5000C51C5 /* main.m */,
			);
			name = "Supporting Files";
			sourceTree = "<group>";
		};
		2B73531B1C426047000C51C5 /* SUPlayer */ = {
			isa = PBXGroup;
			children = (
				2B73531C1C426082000C51C5 /* SUPlayerManager.h */,
				2B73531D1C426082000C51C5 /* SUPlayerManager.m */,
			);
			path = SUPlayer;
			sourceTree = "<group>";
		};
		2B73531F1C426219000C51C5 /* Model */ = {
			isa = PBXGroup;
			children = (
				2BDFFCA61C4B807400CFE078 /* BaseInfo.h */,
				2BDFFCA71C4B807400CFE078 /* BaseInfo.m */,
				2BDFFCA91C4B8F1000CFE078 /* UserInfo.h */,
				2BDFFCAA1C4B8F1000CFE078 /* UserInfo.m */,
				2BDFFCB61C4B9D9000CFE078 /* ChannelInfo.h */,
				2BDFFCB71C4B9D9000CFE078 /* ChannelInfo.m */,
				2B7353201C42623B000C51C5 /* SongInfo.h */,
				2B7353211C42623B000C51C5 /* SongInfo.m */,
				B1B4C95E1C619C3700A767CA /* DownLoadInfo.h */,
				B1B4C95F1C619C3700A767CA /* DownLoadInfo.m */,
			);
			path = Model;
			sourceTree = "<group>";
		};
		2B7353231C428446000C51C5 /* Controller */ = {
			isa = PBXGroup;
			children = (
				2BDFFCB11C4B908000CFE078 /* BaseViewController.h */,
				2BDFFCB21C4B908000CFE078 /* BaseViewController.m */,
				2BDFFCE41C4BEBB200CFE078 /* Play */,
				2BDFFCE31C4BEB9E00CFE078 /* User */,
				2BDFFCE21C4BEB7700CFE078 /* Home */,
				2BDFFCDC1C4BE22200CFE078 /* Mine */,
			);
			path = Controller;
			sourceTree = "<group>";
		};
		2B73532B1C42928F000C51C5 /* VIew */ = {
			isa = PBXGroup;
			children = (
				2BDFFCC51C4BB2D100CFE078 /* TopTabItemView.h */,
				2BDFFCC61C4BB2D100CFE078 /* TopTabItemView.m */,
				2BDFFCC81C4BB2DF00CFE078 /* TopTabItemView.xib */,
				2BDFFCCA1C4BCB0800CFE078 /* ChannelTableViewCell.h */,
				2BDFFCCB1C4BCB0800CFE078 /* ChannelTableViewCell.m */,
				2BDFFCCC1C4BCB0800CFE078 /* ChannelTableViewCell.xib */,
				2BDFFCD61C4BDB7000CFE078 /* MineTableViewCell.h */,
				2BDFFCD71C4BDB7000CFE078 /* MineTableViewCell.m */,
				2BDFFCD81C4BDB7000CFE078 /* MineTableViewCell.xib */,
				B1B4C9391C5F79DB00A767CA /* SongListTableViewCell.h */,
				B1B4C93A1C5F79DB00A767CA /* SongListTableViewCell.m */,
				B1B4C93B1C5F79DB00A767CA /* SongListTableViewCell.xib */,
				2BDFFCCF1C4BD79F00CFE078 /* MineHeader.h */,
				2BDFFCD01C4BD79F00CFE078 /* MineHeader.m */,
				2BDFFCD21C4BD7AE00CFE078 /* MineHeader.xib */,
				B1B4C92C1C5F385E00A767CA /* ShareView.h */,
				B1B4C92D1C5F385E00A767CA /* ShareView.m */,
				B1B4C92F1C5F386C00A767CA /* ShareView.xib */,
				B199DC8F1C57046F00D2E63E /* LyricView.h */,
				B199DC901C57046F00D2E63E /* LyricView.m */,
			);
			path = VIew;
			sourceTree = "<group>";
		};
		2BB57D961C46A43A004A1B27 /* SSSJson */ = {
			isa = PBXGroup;
			children = (
				2BB57D971C46A45B004A1B27 /* NSObject+SSS.h */,
				2BB57D981C46A45B004A1B27 /* NSObject+SSS.m */,
				2BB57D991C46A45B004A1B27 /* SSSJsonManager.h */,
			);
			path = SSSJson;
			sourceTree = "<group>";
		};
		2BB57D9E1C46AE93004A1B27 /* Resource */ = {
			isa = PBXGroup;
			children = (
				2BDFFCD41C4BDAB300CFE078 /* Mine.xcassets */,
				2BDFFCB41C4B912E00CFE078 /* Login.xcassets */,
				2BB57D9F1C46AED5004A1B27 /* Player.xcassets */,
				2B7353011C425EE5000C51C5 /* Assets.xcassets */,
			);
			path = Resource;
			sourceTree = "<group>";
		};
		2BDFFCB91C4BA05100CFE078 /* Global */ = {
			isa = PBXGroup;
			children = (
				2BDFFCBA1C4BA07500CFE078 /* SuGlobal.h */,
				2BDFFCBB1C4BA07500CFE078 /* SuGlobal.m */,
			);
			path = Global;
			sourceTree = "<group>";
		};
		2BDFFCDC1C4BE22200CFE078 /* Mine */ = {
			isa = PBXGroup;
			children = (
				2BDFFCDD1C4BE26400CFE078 /* CopyrightViewController.h */,
				2BDFFCDE1C4BE26400CFE078 /* CopyrightViewController.m */,
				2BDFFCDF1C4BE26400CFE078 /* CopyrightViewController.xib */,
				B1B4C9591C60BF7100A767CA /* SongTableView.h */,
				B1B4C95A1C60BF7200A767CA /* SongTableView.m */,
				B1B4C95B1C60BF7200A767CA /* SongTableView.xib */,
				B1B4C93E1C5F851000A767CA /* MyFavorViewController.h */,
				B1B4C93F1C5F851000A767CA /* MyFavorViewController.m */,
				B1B4C9491C60419200A767CA /* MySharedViewController.h */,
				B1B4C94A1C60419200A767CA /* MySharedViewController.m */,
				B1B4C94C1C60420800A767CA /* MyOffLineViewController.h */,
				B1B4C94D1C60420800A767CA /* MyOffLineViewController.m */,
			);
			name = Mine;
			sourceTree = "<group>";
		};
		2BDFFCE21C4BEB7700CFE078 /* Home */ = {
			isa = PBXGroup;
			children = (
				2BDFFCC21C4BB1EE00CFE078 /* HomeViewController.h */,
				2BDFFCC31C4BB1EE00CFE078 /* HomeViewController.m */,
				2BDFFC9E1C4B5A9800CFE078 /* ChannelListViewController.h */,
				2BDFFC9F1C4B5A9800CFE078 /* ChannelListViewController.m */,
				2BDFFCA01C4B5A9800CFE078 /* ChannelListViewController.xib */,
				2BDFFCBD1C4BB05A00CFE078 /* MineViewController.h */,
				2BDFFCBE1C4BB05A00CFE078 /* MineViewController.m */,
				2BDFFCBF1C4BB05A00CFE078 /* MineViewController.xib */,
			);
			name = Home;
			sourceTree = "<group>";
		};
		2BDFFCE31C4BEB9E00CFE078 /* User */ = {
			isa = PBXGroup;
			children = (
				2BDFFCAC1C4B905600CFE078 /* LoginPage.h */,
				2BDFFCAD1C4B905600CFE078 /* LoginPage.m */,
				2BDFFCAE1C4B905600CFE078 /* LoginPage.xib */,
			);
			name = User;
			sourceTree = "<group>";
		};
		2BDFFCE41C4BEBB200CFE078 /* Play */ = {
			isa = PBXGroup;
			children = (
				2BDFFCA31C4B62FC00CFE078 /* PlayViewController.h */,
				2BDFFCA41C4B62FC00CFE078 /* PlayViewController.m */,
				2B7353261C428491000C51C5 /* PlayViewController.xib */,
			);
			name = Play;
			sourceTree = "<group>";
		};
		2BF6B13D1C54FA76003B4C7F /* DB */ = {
			isa = PBXGroup;
			children = (
				2BF6B13E1C54FA76003B4C7F /* SuDBManager+private.h */,
				2BF6B13F1C54FA76003B4C7F /* SuDBManager+private.m */,
				2BF6B1401C54FA76003B4C7F /* SuDBManager.h */,
				2BF6B1411C54FA76003B4C7F /* SuDBManager.m */,
			);
			path = DB;
			sourceTree = "<group>";
		};
		B1A33FC01C4641FD0011867B /* Expand */ = {
			isa = PBXGroup;
			children = (
				2BF6B13D1C54FA76003B4C7F /* DB */,
				2BB57D961C46A43A004A1B27 /* SSSJson */,
				B1A33FC11C4642190011867B /* SuUtility */,
			);
			path = Expand;
			sourceTree = "<group>";
		};
		B1A33FC11C4642190011867B /* SuUtility */ = {
			isa = PBXGroup;
			children = (
				B1A33FC21C4642190011867B /* Extension */,
				B1A33FD71C4642190011867B /* Inherit */,
				B1A33FDE1C4642190011867B /* SuCategory.h */,
				B1A33FDF1C4642190011867B /* SuTool.h */,
				B1A33FE01C4642190011867B /* Tool */,
			);
			path = SuUtility;
			sourceTree = "<group>";
		};
		B1A33FC21C4642190011867B /* Extension */ = {
			isa = PBXGroup;
			children = (
				B1A33FC31C4642190011867B /* NSDate+SU.h */,
				B1A33FC41C4642190011867B /* NSDate+SU.m */,
				B1A33FC51C4642190011867B /* NSDictionary+SU.h */,
				B1A33FC61C4642190011867B /* NSDictionary+SU.m */,
				B1A33FC71C4642190011867B /* NSString+SU.h */,
				B1A33FC81C4642190011867B /* NSString+SU.m */,
				B1A33FC91C4642190011867B /* UIButton+SU.h */,
				B1A33FCA1C4642190011867B /* UIButton+SU.m */,
				B1A33FCB1C4642190011867B /* UIColor+SU.h */,
				B1A33FCC1C4642190011867B /* UIColor+SU.m */,
				B1A33FCD1C4642190011867B /* UIImage+SU.h */,
				B1A33FCE1C4642190011867B /* UIImage+SU.m */,
				B1A33FCF1C4642190011867B /* UILabel+SU.h */,
				B1A33FD01C4642190011867B /* UILabel+SU.m */,
				B1A33FD11C4642190011867B /* UITextField+SU.h */,
				B1A33FD21C4642190011867B /* UITextField+SU.m */,
				B1A33FD31C4642190011867B /* UIView+SU.h */,
				B1A33FD41C4642190011867B /* UIView+SU.m */,
				B1A33FD51C4642190011867B /* UIWindow+SU.h */,
				B1A33FD61C4642190011867B /* UIWindow+SU.m */,
			);
			path = Extension;
			sourceTree = "<group>";
		};
		B1A33FD71C4642190011867B /* Inherit */ = {
			isa = PBXGroup;
			children = (
				B1A33FD81C4642190011867B /* SuButton.h */,
				B1A33FD91C4642190011867B /* SuButton.m */,
				B1A33FDA1C4642190011867B /* SuCaptureCodeView.h */,
				B1A33FDB1C4642190011867B /* SuCaptureCodeView.m */,
				B1A33FDC1C4642190011867B /* SuTabBarController.h */,
				B1A33FDD1C4642190011867B /* SuTabBarController.m */,
			);
			path = Inherit;
			sourceTree = "<group>";
		};
		B1A33FE01C4642190011867B /* Tool */ = {
			isa = PBXGroup;
			children = (
				B1A33FE11C4642190011867B /* AudioTool */,
				B1A33FE41C4642190011867B /* CustomTabbar.h */,
				B1A33FE51C4642190011867B /* CustomTabbar.m */,
				B1A33FE61C4642190011867B /* SphereMenu */,
				B1A33FE91C4642190011867B /* SuAppSetting.h */,
				B1A33FEA1C4642190011867B /* SuAppSetting.m */,
				B1A33FEB1C4642190011867B /* SuDate.h */,
				B1A33FEC1C4642190011867B /* SuDate.m */,
				B1A33FED1C4642190011867B /* SuDropDownList.h */,
				B1A33FEE1C4642190011867B /* SuDropDownList.m */,
				B1A33FEF1C4642190011867B /* SuFile.h */,
				B1A33FF01C4642190011867B /* SuFile.m */,
				B1A33FF11C4642190011867B /* SuImageView.h */,
				B1A33FF21C4642190011867B /* SuImageView.m */,
				B1A33FF31C4642190011867B /* SuModelTool.h */,
				B1A33FF41C4642190011867B /* SuModelTool.m */,
				B1A33FF51C4642190011867B /* SuNetworkMonitor.h */,
				B1A33FF61C4642190011867B /* SuNetworkMonitor.m */,
				B1A33FF71C4642190011867B /* SUPictureScroll.h */,
				B1A33FF81C4642190011867B /* SUPictureScroll.m */,
				B1A33FF91C4642190011867B /* SuScreenAdaptation */,
				B1A33FFD1C4642190011867B /* SuString.h */,
				B1A33FFE1C4642190011867B /* SuString.m */,
				B1A33FFF1C4642190011867B /* SuViewTool.h */,
				B1A340001C4642190011867B /* SuViewTool.m */,
				B199DC891C55C86100D2E63E /* SuLyricTool.h */,
				B199DC8A1C55C86100D2E63E /* SuLyricTool.m */,
			);
			path = Tool;
			sourceTree = "<group>";
		};
		B1A33FE11C4642190011867B /* AudioTool */ = {
			isa = PBXGroup;
			children = (
				B1A33FE21C4642190011867B /* SuAudioTool.h */,
				B1A33FE31C4642190011867B /* SuAudioTool.m */,
			);
			path = AudioTool;
			sourceTree = "<group>";
		};
		B1A33FE61C4642190011867B /* SphereMenu */ = {
			isa = PBXGroup;
			children = (
				B1A33FE71C4642190011867B /* SphereMenu.h */,
				B1A33FE81C4642190011867B /* SphereMenu.m */,
			);
			path = SphereMenu;
			sourceTree = "<group>";
		};
		B1A33FF91C4642190011867B /* SuScreenAdaptation */ = {
			isa = PBXGroup;
			children = (
				B1A33FFA1C4642190011867B /* SuScreenAdaptaionMacro.h */,
				B1A33FFB1C4642190011867B /* SuScreenAdaptation.h */,
				B1A33FFC1C4642190011867B /* SuScreenAdaptation.m */,
			);
			path = SuScreenAdaptation;
			sourceTree = "<group>";
		};
		D9EFAA468740EBE0E4B17CC7 /* Pods */ = {
			isa = PBXGroup;
			children = (
				AA1EFFC62DA7BFC1F7FBFCF3 /* Pods.debug.xcconfig */,
				262DEA8BDAAA1AEC925980C1 /* Pods.release.xcconfig */,
			);
			name = Pods;
			sourceTree = "<group>";
		};
/* End PBXGroup section */

/* Begin PBXNativeTarget section */
		2B7352F11C425EE5000C51C5 /* SUMusic */ = {
			isa = PBXNativeTarget;
			buildConfigurationList = 2B7353091C425EE5000C51C5 /* Build configuration list for PBXNativeTarget "SUMusic" */;
			buildPhases = (
				F7111095EEB910E7612BB31E /* Check Pods Manifest.lock */,
				2B7352EE1C425EE5000C51C5 /* Sources */,
				2B7352EF1C425EE5000C51C5 /* Frameworks */,
				2B7352F01C425EE5000C51C5 /* Resources */,
				47BE7E354147805A459F77B7 /* Embed Pods Frameworks */,
				60B8EF4612F662393AF40B38 /* Copy Pods Resources */,
			);
			buildRules = (
			);
			dependencies = (
			);
			name = SUMusic;
			productName = SUMusic;
			productReference = 2B7352F21C425EE5000C51C5 /* SUMusic.app */;
			productType = "com.apple.product-type.application";
		};
/* End PBXNativeTarget section */

/* Begin PBXProject section */
		2B7352EA1C425EE5000C51C5 /* Project object */ = {
			isa = PBXProject;
			attributes = {
				LastUpgradeCheck = 0700;
				ORGANIZATIONNAME = KevinSu;
				TargetAttributes = {
					2B7352F11C425EE5000C51C5 = {
						CreatedOnToolsVersion = 7.0;
						DevelopmentTeam = TUPS7BBK3N;
					};
				};
			};
			buildConfigurationList = 2B7352ED1C425EE5000C51C5 /* Build configuration list for PBXProject "SUMusic" */;
			compatibilityVersion = "Xcode 3.2";
			developmentRegion = English;
			hasScannedForEncodings = 0;
			knownRegions = (
				en,
				Base,
			);
			mainGroup = 2B7352E91C425EE5000C51C5;
			productRefGroup = 2B7352F31C425EE5000C51C5 /* Products */;
			projectDirPath = "";
			projectRoot = "";
			targets = (
				2B7352F11C425EE5000C51C5 /* SUMusic */,
			);
		};
/* End PBXProject section */

/* Begin PBXResourcesBuildPhase section */
		2B7352F01C425EE5000C51C5 /* Resources */ = {
			isa = PBXResourcesBuildPhase;
			buildActionMask = 2147483647;
			files = (
				B1B4C93D1C5F79DB00A767CA /* SongListTableViewCell.xib in Resources */,
				2BDFFCE11C4BE26400CFE078 /* CopyrightViewController.xib in Resources */,
				2BB57DA01C46AED5004A1B27 /* Player.xcassets in Resources */,
				B1B4C95D1C60BF7200A767CA /* SongTableView.xib in Resources */,
				B1B4C9301C5F386C00A767CA /* ShareView.xib in Resources */,
				2BDFFCD51C4BDAB300CFE078 /* Mine.xcassets in Resources */,
				2BDFFCD31C4BD7AE00CFE078 /* MineHeader.xib in Resources */,
				2BDFFCB01C4B905600CFE078 /* LoginPage.xib in Resources */,
				2BDFFCB51C4B912E00CFE078 /* Login.xcassets in Resources */,
				2BDFFCDA1C4BDB7000CFE078 /* MineTableViewCell.xib in Resources */,
				2BDFFCC91C4BB2DF00CFE078 /* TopTabItemView.xib in Resources */,
				2BDFFCCE1C4BCB0800CFE078 /* ChannelTableViewCell.xib in Resources */,
				2B7353281C428491000C51C5 /* PlayViewController.xib in Resources */,
				2B7353021C425EE5000C51C5 /* Assets.xcassets in Resources */,
				2BDFFCA21C4B5A9800CFE078 /* ChannelListViewController.xib in Resources */,
				2BDFFCC11C4BB05A00CFE078 /* MineViewController.xib in Resources */,
			);
			runOnlyForDeploymentPostprocessing = 0;
		};
/* End PBXResourcesBuildPhase section */

/* Begin PBXShellScriptBuildPhase section */
		47BE7E354147805A459F77B7 /* Embed Pods Frameworks */ = {
			isa = PBXShellScriptBuildPhase;
			buildActionMask = 2147483647;
			files = (
			);
			inputPaths = (
			);
			name = "Embed Pods Frameworks";
			outputPaths = (
			);
			runOnlyForDeploymentPostprocessing = 0;
			shellPath = /bin/sh;
			shellScript = "\"${SRCROOT}/Pods/Target Support Files/Pods/Pods-frameworks.sh\"\n";
			showEnvVarsInLog = 0;
		};
		60B8EF4612F662393AF40B38 /* Copy Pods Resources */ = {
			isa = PBXShellScriptBuildPhase;
			buildActionMask = 2147483647;
			files = (
			);
			inputPaths = (
			);
			name = "Copy Pods Resources";
			outputPaths = (
			);
			runOnlyForDeploymentPostprocessing = 0;
			shellPath = /bin/sh;
			shellScript = "\"${SRCROOT}/Pods/Target Support Files/Pods/Pods-resources.sh\"\n";
			showEnvVarsInLog = 0;
		};
		F7111095EEB910E7612BB31E /* Check Pods Manifest.lock */ = {
			isa = PBXShellScriptBuildPhase;
			buildActionMask = 2147483647;
			files = (
			);
			inputPaths = (
			);
			name = "Check Pods Manifest.lock";
			outputPaths = (
			);
			runOnlyForDeploymentPostprocessing = 0;
			shellPath = /bin/sh;
			shellScript = "diff \"${PODS_ROOT}/../Podfile.lock\" \"${PODS_ROOT}/Manifest.lock\" > /dev/null\nif [[ $? != 0 ]] ; then\n    cat << EOM\nerror: The sandbox is not in sync with the Podfile.lock. Run 'pod install' or update your CocoaPods installation.\nEOM\n    exit 1\nfi\n";
			showEnvVarsInLog = 0;
		};
/* End PBXShellScriptBuildPhase section */

/* Begin PBXSourcesBuildPhase section */
		2B7352EE1C425EE5000C51C5 /* Sources */ = {
			isa = PBXSourcesBuildPhase;
			buildActionMask = 2147483647;
			files = (
				B1A340131C4642190011867B /* SuDropDownList.m in Sources */,
				B1B4C94E1C60420800A767CA /* MyOffLineViewController.m in Sources */,
				2BDFFCB31C4B908000CFE078 /* BaseViewController.m in Sources */,
				2BDFFCE01C4BE26400CFE078 /* CopyrightViewController.m in Sources */,
				2BDFFCBC1C4BA07500CFE078 /* SuGlobal.m in Sources */,
				B1A340041C4642190011867B /* UIButton+SU.m in Sources */,
				B1B4C94B1C60419200A767CA /* MySharedViewController.m in Sources */,
				2BDFFCCD1C4BCB0800CFE078 /* ChannelTableViewCell.m in Sources */,
				B1A340011C4642190011867B /* NSDate+SU.m in Sources */,
				B1A340141C4642190011867B /* SuFile.m in Sources */,
				B1A340091C4642190011867B /* UIView+SU.m in Sources */,
				B1B4C92E1C5F385E00A767CA /* ShareView.m in Sources */,
				2B4FA9351C4542E60033FE92 /* SUNetwork.m in Sources */,
				2BDFFCD91C4BDB7000CFE078 /* MineTableViewCell.m in Sources */,
				B1A3401B1C4642190011867B /* SuViewTool.m in Sources */,
				B1A340061C4642190011867B /* UIImage+SU.m in Sources */,
				B1A340021C4642190011867B /* NSDictionary+SU.m in Sources */,
				2BDFFCC01C4BB05A00CFE078 /* MineViewController.m in Sources */,
				B1A3401A1C4642190011867B /* SuString.m in Sources */,
				B1B4C9401C5F851000A767CA /* MyFavorViewController.m in Sources */,
				B1A340081C4642190011867B /* UITextField+SU.m in Sources */,
				B1A340151C4642190011867B /* SuImageView.m in Sources */,
				2BF6B1451C54FA76003B4C7F /* SuDBManager.m in Sources */,
				B1A340111C4642190011867B /* SuAppSetting.m in Sources */,
				2B7352FA1C425EE5000C51C5 /* AppDelegate.m in Sources */,
				B1A340121C4642190011867B /* SuDate.m in Sources */,
				B1B4C9331C5F529100A767CA /* OffLineManager.m in Sources */,
				B1A3400E1C4642190011867B /* SuAudioTool.m in Sources */,
				2BDFFCA51C4B62FC00CFE078 /* PlayViewController.m in Sources */,
				2BDFFCAF1C4B905600CFE078 /* LoginPage.m in Sources */,
				B1A3400A1C4642190011867B /* UIWindow+SU.m in Sources */,
				2B73531E1C426082000C51C5 /* SUPlayerManager.m in Sources */,
				B1A340051C4642190011867B /* UIColor+SU.m in Sources */,
				B199DC8B1C55C86100D2E63E /* SuLyricTool.m in Sources */,
				2BDFFCC71C4BB2D100CFE078 /* TopTabItemView.m in Sources */,
				B1A340171C4642190011867B /* SuNetworkMonitor.m in Sources */,
				2B7352F71C425EE5000C51C5 /* main.m in Sources */,
				B1B4C9601C619C3700A767CA /* DownLoadInfo.m in Sources */,
				2BB57D9A1C46A45B004A1B27 /* NSObject+SSS.m in Sources */,
				2BDFFCB81C4B9D9000CFE078 /* ChannelInfo.m in Sources */,
				B199DC911C57046F00D2E63E /* LyricView.m in Sources */,
				2BDFFCAB1C4B8F1000CFE078 /* UserInfo.m in Sources */,
				B1A3400F1C4642190011867B /* CustomTabbar.m in Sources */,
				B1A3400C1C4642190011867B /* SuCaptureCodeView.m in Sources */,
				B1B4C93C1C5F79DB00A767CA /* SongListTableViewCell.m in Sources */,
				B1B4C95C1C60BF7200A767CA /* SongTableView.m in Sources */,
				B1A3400B1C4642190011867B /* SuButton.m in Sources */,
				B1A340181C4642190011867B /* SUPictureScroll.m in Sources */,
				B1A3400D1C4642190011867B /* SuTabBarController.m in Sources */,
				B1A340101C4642190011867B /* SphereMenu.m in Sources */,
				2BDFFCA11C4B5A9800CFE078 /* ChannelListViewController.m in Sources */,
				B1A340031C4642190011867B /* NSString+SU.m in Sources */,
				2B7353221C42623B000C51C5 /* SongInfo.m in Sources */,
				2BDFFCC41C4BB1EE00CFE078 /* HomeViewController.m in Sources */,
				B1A340191C4642190011867B /* SuScreenAdaptation.m in Sources */,
				2BF6B1441C54FA76003B4C7F /* SuDBManager+private.m in Sources */,
				B1A340071C4642190011867B /* UILabel+SU.m in Sources */,
				2BDFFCA81C4B807400CFE078 /* BaseInfo.m in Sources */,
				2BDFFCD11C4BD79F00CFE078 /* MineHeader.m in Sources */,
				B1A340161C4642190011867B /* SuModelTool.m in Sources */,
			);
			runOnlyForDeploymentPostprocessing = 0;
		};
/* End PBXSourcesBuildPhase section */

/* Begin XCBuildConfiguration section */
		2B7353071C425EE5000C51C5 /* Debug */ = {
			isa = XCBuildConfiguration;
			buildSettings = {
				ALWAYS_SEARCH_USER_PATHS = NO;
				CLANG_CXX_LANGUAGE_STANDARD = "gnu++0x";
				CLANG_CXX_LIBRARY = "libc++";
				CLANG_ENABLE_MODULES = YES;
				CLANG_ENABLE_OBJC_ARC = YES;
				CLANG_WARN_BOOL_CONVERSION = YES;
				CLANG_WARN_CONSTANT_CONVERSION = YES;
				CLANG_WARN_DIRECT_OBJC_ISA_USAGE = YES_ERROR;
				CLANG_WARN_EMPTY_BODY = YES;
				CLANG_WARN_ENUM_CONVERSION = YES;
				CLANG_WARN_INT_CONVERSION = YES;
				CLANG_WARN_OBJC_ROOT_CLASS = YES_ERROR;
				CLANG_WARN_UNREACHABLE_CODE = YES;
				CLANG_WARN__DUPLICATE_METHOD_MATCH = YES;
				"CODE_SIGN_IDENTITY[sdk=iphoneos*]" = "iPhone Developer";
				COPY_PHASE_STRIP = NO;
				DEBUG_INFORMATION_FORMAT = dwarf;
				ENABLE_STRICT_OBJC_MSGSEND = YES;
				ENABLE_TESTABILITY = YES;
				GCC_C_LANGUAGE_STANDARD = gnu99;
				GCC_DYNAMIC_NO_PIC = NO;
				GCC_NO_COMMON_BLOCKS = YES;
				GCC_OPTIMIZATION_LEVEL = 0;
				GCC_PREPROCESSOR_DEFINITIONS = (
					"DEBUG=1",
					"$(inherited)",
				);
				GCC_WARN_64_TO_32_BIT_CONVERSION = YES;
				GCC_WARN_ABOUT_RETURN_TYPE = YES_ERROR;
				GCC_WARN_UNDECLARED_SELECTOR = YES;
				GCC_WARN_UNINITIALIZED_AUTOS = YES_AGGRESSIVE;
				GCC_WARN_UNUSED_FUNCTION = YES;
				GCC_WARN_UNUSED_VARIABLE = YES;
				IPHONEOS_DEPLOYMENT_TARGET = 9.0;
				MTL_ENABLE_DEBUG_INFO = YES;
				ONLY_ACTIVE_ARCH = YES;
				SDKROOT = iphoneos;
				TARGETED_DEVICE_FAMILY = "1,2";
			};
			name = Debug;
		};
		2B7353081C425EE5000C51C5 /* Release */ = {
			isa = XCBuildConfiguration;
			buildSettings = {
				ALWAYS_SEARCH_USER_PATHS = NO;
				CLANG_CXX_LANGUAGE_STANDARD = "gnu++0x";
				CLANG_CXX_LIBRARY = "libc++";
				CLANG_ENABLE_MODULES = YES;
				CLANG_ENABLE_OBJC_ARC = YES;
				CLANG_WARN_BOOL_CONVERSION = YES;
				CLANG_WARN_CONSTANT_CONVERSION = YES;
				CLANG_WARN_DIRECT_OBJC_ISA_USAGE = YES_ERROR;
				CLANG_WARN_EMPTY_BODY = YES;
				CLANG_WARN_ENUM_CONVERSION = YES;
				CLANG_WARN_INT_CONVERSION = YES;
				CLANG_WARN_OBJC_ROOT_CLASS = YES_ERROR;
				CLANG_WARN_UNREACHABLE_CODE = YES;
				CLANG_WARN__DUPLICATE_METHOD_MATCH = YES;
				"CODE_SIGN_IDENTITY[sdk=iphoneos*]" = "iPhone Developer";
				COPY_PHASE_STRIP = NO;
				DEBUG_INFORMATION_FORMAT = "dwarf-with-dsym";
				ENABLE_NS_ASSERTIONS = NO;
				ENABLE_STRICT_OBJC_MSGSEND = YES;
				GCC_C_LANGUAGE_STANDARD = gnu99;
				GCC_NO_COMMON_BLOCKS = YES;
				GCC_WARN_64_TO_32_BIT_CONVERSION = YES;
				GCC_WARN_ABOUT_RETURN_TYPE = YES_ERROR;
				GCC_WARN_UNDECLARED_SELECTOR = YES;
				GCC_WARN_UNINITIALIZED_AUTOS = YES_AGGRESSIVE;
				GCC_WARN_UNUSED_FUNCTION = YES;
				GCC_WARN_UNUSED_VARIABLE = YES;
				IPHONEOS_DEPLOYMENT_TARGET = 9.0;
				MTL_ENABLE_DEBUG_INFO = NO;
				SDKROOT = iphoneos;
				TARGETED_DEVICE_FAMILY = "1,2";
				VALIDATE_PRODUCT = YES;
			};
			name = Release;
		};
		2B73530A1C425EE5000C51C5 /* Debug */ = {
			isa = XCBuildConfiguration;
			baseConfigurationReference = AA1EFFC62DA7BFC1F7FBFCF3 /* Pods.debug.xcconfig */;
			buildSettings = {
				ASSETCATALOG_COMPILER_APPICON_NAME = AppIcon;
				ASSETCATALOG_COMPILER_LAUNCHIMAGE_NAME = LaunchImage;
				CODE_SIGN_IDENTITY = "iPhone Developer";
				"CODE_SIGN_IDENTITY[sdk=iphoneos*]" = "iPhone Developer";
				ENABLE_BITCODE = NO;
				GCC_PRECOMPILE_PREFIX_HEADER = YES;
				GCC_PREFIX_HEADER = "$(PROJECT_DIR)/SUMusic/PrefixHeader.pch";
				INFOPLIST_FILE = SUMusic/Info.plist;
				IPHONEOS_DEPLOYMENT_TARGET = 7.1;
				LD_RUNPATH_SEARCH_PATHS = "$(inherited) @executable_path/Frameworks";
				PRODUCT_BUNDLE_IDENTIFIER = com.kevinSu.SUMusic;
				PRODUCT_NAME = "$(TARGET_NAME)";
				PROVISIONING_PROFILE = "";
			};
			name = Debug;
		};
		2B73530B1C425EE5000C51C5 /* Release */ = {
			isa = XCBuildConfiguration;
			baseConfigurationReference = 262DEA8BDAAA1AEC925980C1 /* Pods.release.xcconfig */;
			buildSettings = {
				ASSETCATALOG_COMPILER_APPICON_NAME = AppIcon;
				ASSETCATALOG_COMPILER_LAUNCHIMAGE_NAME = LaunchImage;
				CODE_SIGN_IDENTITY = "iPhone Developer";
				"CODE_SIGN_IDENTITY[sdk=iphoneos*]" = "iPhone Developer";
				ENABLE_BITCODE = NO;
				GCC_PRECOMPILE_PREFIX_HEADER = YES;
				GCC_PREFIX_HEADER = "$(PROJECT_DIR)/SUMusic/PrefixHeader.pch";
				INFOPLIST_FILE = SUMusic/Info.plist;
				IPHONEOS_DEPLOYMENT_TARGET = 7.1;
				LD_RUNPATH_SEARCH_PATHS = "$(inherited) @executable_path/Frameworks";
				PRODUCT_BUNDLE_IDENTIFIER = com.kevinSu.SUMusic;
				PRODUCT_NAME = "$(TARGET_NAME)";
				PROVISIONING_PROFILE = "";
			};
			name = Release;
		};
/* End XCBuildConfiguration section */

/* Begin XCConfigurationList section */
		2B7352ED1C425EE5000C51C5 /* Build configuration list for PBXProject "SUMusic" */ = {
			isa = XCConfigurationList;
			buildConfigurations = (
				2B7353071C425EE5000C51C5 /* Debug */,
				2B7353081C425EE5000C51C5 /* Release */,
			);
			defaultConfigurationIsVisible = 0;
			defaultConfigurationName = Release;
		};
		2B7353091C425EE5000C51C5 /* Build configuration list for PBXNativeTarget "SUMusic" */ = {
			isa = XCConfigurationList;
			buildConfigurations = (
				2B73530A1C425EE5000C51C5 /* Debug */,
				2B73530B1C425EE5000C51C5 /* Release */,
			);
			defaultConfigurationIsVisible = 0;
			defaultConfigurationName = Release;
		};
/* End XCConfigurationList section */
	};
	rootObject = 2B7352EA1C425EE5000C51C5 /* Project object */;
}
